
Microsoft Visual Studio Solution File, Format Version 12.00
# Visual Studio 15
VisualStudioVersion = 15.0.28307.572
MinimumVisualStudioVersion = 10.0.40219.1
Project("{FAE04EC0-301F-11D3-BF4B-00C04F79EFBC}") = "PaymentsServiceAPI", "PaymentsServiceAPI\PaymentsServiceAPI.csproj", "{19F172E8-902A-48FE-B6C4-87CB709AB08E}"
EndProject
Global
	GlobalSection(SolutionConfigurationPlatforms) = preSolution
		Debug|Any CPU = Debug|Any CPU
		Release|Any CPU = Release|Any CPU
	EndGlobalSection
	GlobalSection(ProjectConfigurationPlatforms) = postSolution
		{19F172E8-902A-48FE-B6C4-87CB709AB08E}.Debug|Any CPU.ActiveCfg = Debug|Any CPU
		{19F172E8-902A-48FE-B6C4-87CB709AB08E}.Debug|Any CPU.Build.0 = Debug|Any CPU
		{19F172E8-902A-48FE-B6C4-87CB709AB08E}.Release|Any CPU.ActiveCfg = Release|Any CPU
		{19F172E8-902A-48FE-B6C4-87CB709AB08E}.Release|Any CPU.Build.0 = Release|Any CPU
	EndGlobalSection
	GlobalSection(SolutionProperties) = preSolution
		HideSolutionNode = FALSE
	EndGlobalSection
	GlobalSection(ExtensibilityGlobals) = postSolution
		SolutionGuid = {147140F5-2CAF-43AF-BFCF-687A8E8FA46C}
	EndGlobalSection
EndGlobal
